
Microsoft Visual Studio Solution File, Format Version 12.00
# Visual Studio Version 17
VisualStudioVersion = 17.8.34309.116
MinimumVisualStudioVersion = 10.0.40219.1
Project("{8BC9CEB8-8B4A-11D0-8D11-00A0C91BC942}") = "Kalkulator_dla_elektronikow", "Kalkulator_dla_elektronikow.vcxproj", "{3D2E0374-C7CF-4191-B33B-43D855B0601D}"
EndProject
Project("{8BC9CEB8-8B4A-11D0-8D11-00A0C91BC942}") = "Conversions_Gtest", "Gtest\Conversions_Gtest\Conversions_Gtest.vcxproj", "{B3EB4D05-696C-4724-978D-AB576B902BD5}"
EndProject
Global
	GlobalSection(SolutionConfigurationPlatforms) = preSolution
		Debug|x64 = Debug|x64
		Debug|x86 = Debug|x86
		Release|x64 = Release|x64
		Release|x86 = Release|x86
	EndGlobalSection
	GlobalSection(ProjectConfigurationPlatforms) = postSolution
		{3D2E0374-C7CF-4191-B33B-43D855B0601D}.Debug|x64.ActiveCfg = Debug|x64
		{3D2E0374-C7CF-4191-B33B-43D855B0601D}.Debug|x64.Build.0 = Debug|x64
		{3D2E0374-C7CF-4191-B33B-43D855B0601D}.Debug|x86.ActiveCfg = Debug|Win32
		{3D2E0374-C7CF-4191-B33B-43D855B0601D}.Debug|x86.Build.0 = Debug|Win32
		{3D2E0374-C7CF-4191-B33B-43D855B0601D}.Release|x64.ActiveCfg = Release|x64
		{3D2E0374-C7CF-4191-B33B-43D855B0601D}.Release|x64.Build.0 = Release|x64
		{3D2E0374-C7CF-4191-B33B-43D855B0601D}.Release|x86.ActiveCfg = Release|Win32
		{3D2E0374-C7CF-4191-B33B-43D855B0601D}.Release|x86.Build.0 = Release|Win32
		{B3EB4D05-696C-4724-978D-AB576B902BD5}.Debug|x64.ActiveCfg = Debug|x64
		{B3EB4D05-696C-4724-978D-AB576B902BD5}.Debug|x64.Build.0 = Debug|x64
		{B3EB4D05-696C-4724-978D-AB576B902BD5}.Debug|x86.ActiveCfg = Debug|Win32
		{B3EB4D05-696C-4724-978D-AB576B902BD5}.Debug|x86.Build.0 = Debug|Win32
		{B3EB4D05-696C-4724-978D-AB576B902BD5}.Release|x64.ActiveCfg = Release|x64
		{B3EB4D05-696C-4724-978D-AB576B902BD5}.Release|x64.Build.0 = Release|x64
		{B3EB4D05-696C-4724-978D-AB576B902BD5}.Release|x86.ActiveCfg = Release|Win32
		{B3EB4D05-696C-4724-978D-AB576B902BD5}.Release|x86.Build.0 = Release|Win32
	EndGlobalSection
	GlobalSection(SolutionProperties) = preSolution
		HideSolutionNode = FALSE
	EndGlobalSection
	GlobalSection(ExtensibilityGlobals) = postSolution
		SolutionGuid = {50353568-47D7-4C46-BB24-A4A53DCFD1F9}
	EndGlobalSection
EndGlobal
